<?xml version="1.0" encoding="UTF-8" standalone="yes" ?>
<CodeBlocks_project_file>
	<FileVersion major="1" minor="6" />
	<Project>
		<Option title="beargine" />
		<Option pch_mode="2" />
		<Option compiler="gcc" />
		<Build>
			<Target title="Release">
				<Option output="../game/bear" prefix_auto="1" extension_auto="1" />
				<Option working_dir="../game/" />
				<Option object_output="../obj/Release/" />
				<Option type="1" />
				<Option compiler="gcc" />
				<Compiler>
					<Add option="-O2" />
					<Add option="-std=c++0x" />
					<Add option="-pg" />
					<Add option="-g" />
					<Add option="-DIGNORESTEAM" />
				</Compiler>
				<Linker>
					<Add option="-pg -lgmon" />
					<Add option="-pg" />
					<Add option="-Wl,-Bstatic" />
					<Add option="-llua51" />
					<Add option="-Wl,-Bdynamic" />
					<Add option="-lMinGW32" />
					<Add option="-lSDL2main" />
					<Add option="-lSDL2" />
					<Add option="-lSDL2_ttf" />
					<Add option="-lopenal32" />
					<Add option="-lvorbisfile" />
					<Add option="-pthread" />
				</Linker>
			</Target>
			<Target title="unix release">
				<Option output="../game/bear" prefix_auto="1" extension_auto="1" />
				<Option working_dir="../game/" />
				<Option object_output="../obj/Unix/" />
				<Option type="1" />
				<Option compiler="gcc" />
				<Option use_console_runner="0" />
				<Compiler>
					<Add option="-O2" />
					<Add option="-std=c++0x" />
				</Compiler>
				<Linker>
					<Add option="-s" />
					<Add option="-pg" />
					<Add option="-Wl,-Bstatic" />
					<Add option="-llua5.1" />
					<Add option="-Wl,-Bdynamic" />
					<Add option="-ldl" />
					<Add option="-lSDL2main" />
					<Add option="-lSDL2" />
					<Add option="-lSDL2_ttf" />
					<Add option="-lopenal" />
					<Add option="-lvorbisfile" />
					<Add option="-pthread" />
				</Linker>
			</Target>
			<Target title="Debug windows">
				<Option output="../game/bear" prefix_auto="1" extension_auto="1" />
				<Option working_dir="../game/" />
				<Option object_output="../obj/Release/" />
				<Option type="1" />
				<Option compiler="gcc" />
				<Option use_console_runner="0" />
				<Compiler>
					<Add option="-O2" />
					<Add option="-std=c++0x" />
					<Add option="-pg" />
					<Add option="-g" />
					<Add option="-DIGNORESTEAM" />
				</Compiler>
				<Linker>
					<Add option="-pg -lgmon" />
					<Add option="-pg" />
					<Add option="-Wl,-Bstatic" />
					<Add option="-llua51" />
					<Add option="-Wl,-Bdynamic" />
					<Add option="-lMinGW32" />
					<Add option="-lSDL2main" />
					<Add option="-lSDL2" />
					<Add option="-lSDL2_ttf" />
					<Add option="-lopenal32" />
					<Add option="-lvorbisfile" />
					<Add option="-pthread" />
				</Linker>
			</Target>
		</Build>
		<Compiler>
			<Add option="-Wall" />
		</Compiler>
		<Unit filename="engine/assetmanager.cpp" />
		<Unit filename="engine/assetmanager.hpp" />
		<Unit filename="engine/bear.cpp" />
		<Unit filename="engine/bear.hpp" />
		<Unit filename="engine/behavior.hpp" />
		<Unit filename="engine/camera.cpp" />
		<Unit filename="engine/camera.hpp" />
		<Unit filename="engine/collision.cpp" />
		<Unit filename="engine/collision.hpp" />
		<Unit filename="engine/defaultbehavior.cpp" />
		<Unit filename="engine/defaultbehavior.hpp" />
		<Unit filename="engine/gamebase.cpp" />
		<Unit filename="engine/gamebase.hpp" />
		<Unit filename="engine/genericstate.cpp" />
		<Unit filename="engine/genericstate.hpp" />
		<Unit filename="engine/light.cpp" />
		<Unit filename="engine/light.hpp" />
		<Unit filename="engine/object.hpp" />
		<Unit filename="engine/particlecreator.cpp" />
		<Unit filename="engine/particlecreator.hpp" />
		<Unit filename="engine/particles.cpp" />
		<Unit filename="engine/particles.hpp" />
		<Unit filename="engine/pathfind.cpp" />
		<Unit filename="engine/pathfind.hpp" />
		<Unit filename="engine/renderhelp.cpp" />
		<Unit filename="engine/renderhelp.hpp" />
		<Unit filename="engine/screenmanager.cpp" />
		<Unit filename="engine/screenmanager.hpp" />
		<Unit filename="engine/shooteffect.cpp" />
		<Unit filename="engine/shooteffect.hpp" />
		<Unit filename="engine/smarttexture.cpp" />
		<Unit filename="engine/smarttexture.hpp" />
		<Unit filename="engine/smarttexturemanager.cpp" />
		<Unit filename="engine/smarttexturemanager.hpp" />
		<Unit filename="engine/smarttileset.cpp" />
		<Unit filename="engine/smarttileset.hpp" />
		<Unit filename="engine/sprite.cpp" />
		<Unit filename="engine/sprite.hpp" />
		<Unit filename="engine/text.cpp" />
		<Unit filename="engine/text.hpp" />
		<Unit filename="engine/tilemap.cpp" />
		<Unit filename="engine/tilemap.hpp" />
		<Unit filename="engine/tileset.cpp" />
		<Unit filename="engine/tileset.hpp" />
		<Unit filename="engine/timer.cpp" />
		<Unit filename="engine/timer.hpp" />
		<Unit filename="framework/basepool.hpp" />
		<Unit filename="framework/chainptr.cpp" />
		<Unit filename="framework/chainptr.hpp" />
		<Unit filename="framework/debughelper.cpp" />
		<Unit filename="framework/debughelper.hpp" />
		<Unit filename="framework/dirmanager.cpp" />
		<Unit filename="framework/dirmanager.hpp" />
		<Unit filename="framework/gamefile.cpp" />
		<Unit filename="framework/gamefile.hpp" />
		<Unit filename="framework/geometry.cpp" />
		<Unit filename="framework/geometry.hpp" />
		<Unit filename="framework/lcokfreequeue.hpp" />
		<Unit filename="framework/poolmanager.cpp" />
		<Unit filename="framework/poolmanager.hpp" />
		<Unit filename="framework/resourcefiles.cpp" />
		<Unit filename="framework/resourcefiles.hpp" />
		<Unit filename="framework/resourcemanager.cpp" />
		<Unit filename="framework/resourcemanager.hpp" />
		<Unit filename="framework/threadpool.cpp" />
		<Unit filename="framework/threadpool.hpp" />
		<Unit filename="framework/typechecker.cpp" />
		<Unit filename="framework/typechecker.hpp" />
		<Unit filename="framework/userfile.cpp" />
		<Unit filename="framework/userfile.hpp" />
		<Unit filename="framework/utils.cpp" />
		<Unit filename="framework/utils.hpp" />
		<Unit filename="framework/xml.cpp" />
		<Unit filename="framework/xml.hpp" />
		<Unit filename="game/gamebehavior.cpp" />
		<Unit filename="game/gamebehavior.hpp" />
		<Unit filename="game/state.hpp" />
		<Unit filename="game/title.cpp" />
		<Unit filename="game/title.hpp" />
		<Unit filename="input/accelerometer.cpp" />
		<Unit filename="input/accelerometer.hpp" />
		<Unit filename="input/beinput.cpp" />
		<Unit filename="input/beinput.hpp" />
		<Unit filename="input/inputdefinitions.hpp" />
		<Unit filename="input/inputmanager.cpp" />
		<Unit filename="input/inputmanager.hpp" />
		<Unit filename="input/joystick.cpp" />
		<Unit filename="input/joystick.hpp" />
		<Unit filename="input/keyboard.cpp" />
		<Unit filename="input/keyboard.hpp" />
		<Unit filename="input/mouse.cpp" />
		<Unit filename="input/mouse.hpp" />
		<Unit filename="input/touch.cpp" />
		<Unit filename="input/touch.hpp" />
		<Unit filename="input/touchkeys.cpp" />
		<Unit filename="input/touchkeys.hpp" />
		<Unit filename="luasystem/luacaller.cpp" />
		<Unit filename="luasystem/luacaller.hpp" />
		<Unit filename="luasystem/luagamestate.cpp" />
		<Unit filename="luasystem/luagamestate.hpp" />
		<Unit filename="luasystem/luainterface.cpp" />
		<Unit filename="luasystem/luainterface.hpp" />
		<Unit filename="luasystem/luaobject.cpp" />
		<Unit filename="luasystem/luaobject.hpp" />
		<Unit filename="luasystem/luatools.cpp" />
		<Unit filename="luasystem/luatools.hpp" />
		<Unit filename="luasystem/luatypewrapper.hpp" />
		<Unit filename="luasystem/luaui.cpp" />
		<Unit filename="luasystem/luaui.hpp" />
		<Unit filename="main.cpp" />
		<Unit filename="mobile/android/jnihelper.hpp" />
		<Unit filename="performance/console.cpp" />
		<Unit filename="performance/console.hpp" />
		<Unit filename="performance/graph.cpp" />
		<Unit filename="performance/graph.hpp" />
		<Unit filename="performance/linegrap.cpp" />
		<Unit filename="performance/linegrap.hpp" />
		<Unit filename="resource.rc">
			<Option compilerVar="WINDRES" />
		</Unit>
		<Unit filename="settings/configmanager.cpp" />
		<Unit filename="settings/configmanager.hpp" />
		<Unit filename="settings/definitions.hpp" />
		<Unit filename="sound/sound.cpp" />
		<Unit filename="sound/sound.hpp" />
		<Unit filename="sound/sounddef.hpp" />
		<Unit filename="sound/soundloader.cpp" />
		<Unit filename="sound/soundloader.hpp" />
		<Unit filename="sound/soundsources.cpp" />
		<Unit filename="sound/soundsources.hpp" />
		<Unit filename="tests/testblank.hpp" />
		<Unit filename="tests/testfiles.hpp" />
		<Unit filename="tests/testlight.hpp" />
		<Unit filename="tests/testlua.hpp" />
		<Unit filename="tests/testpathfind.hpp" />
		<Unit filename="tests/testpool.hpp" />
		<Unit filename="tests/testsprite.hpp" />
		<Unit filename="tests/testthread.hpp" />
		<Unit filename="ui/base.cpp" />
		<Unit filename="ui/base.hpp" />
		<Unit filename="ui/button.cpp" />
		<Unit filename="ui/button.hpp" />
		<Unit filename="ui/checkbox.cpp" />
		<Unit filename="ui/checkbox.hpp" />
		<Unit filename="ui/gettextwindow.cpp" />
		<Unit filename="ui/gettextwindow.hpp" />
		<Unit filename="ui/label.cpp" />
		<Unit filename="ui/label.hpp" />
		<Unit filename="ui/numberinput.cpp" />
		<Unit filename="ui/numberinput.hpp" />
		<Unit filename="ui/textinput.cpp" />
		<Unit filename="ui/textinput.hpp" />
		<Unit filename="ui/window.cpp" />
		<Unit filename="ui/window.hpp" />
		<Extensions>
			<code_completion />
			<envvars />
			<debugger />
		</Extensions>
	</Project>
</CodeBlocks_project_file>
