<?xml version="1.0" encoding="UTF-8" standalone="yes" ?>
<CodeBlocks_project_file>
	<FileVersion major="1" minor="6" />
	<Project>
		<Option title="beargine" />
		<Option pch_mode="2" />
		<Option compiler="gcc" />
		<Build>
			<Target title="Debug windows opengl3">
				<Option output="../game/bear" prefix_auto="1" extension_auto="1" />
				<Option working_dir="../game/" />
				<Option object_output="../obj/Release/" />
				<Option type="1" />
				<Option compiler="gcc" />
				<Option use_console_runner="0" />
				<Compiler>
					<Add option="-Wshadow" />
					<Add option="-Wredundant-decls" />
					<Add option="-Wcast-align" />
					<Add option="-Winline" />
					<Add option="-Wunreachable-code" />
					<Add option="-Wmissing-declarations" />
					<Add option="-Wmissing-include-dirs" />
					<Add option="-Wall" />
					<Add option="-std=c++0x" />
					<Add option="-pg" />
					<Add option="-g" />
					<Add option="-DIGNORESTEAM" />
					<Add option="-DGLEW_STATIC" />
					<Add option="-DRENDER_OPENGL3" />
				</Compiler>
				<Linker>
					<Add option="-pg -lgmon" />
					<Add option="-Wl,-Bstatic" />
					<Add option="-lenet" />
					<Add option="-pthread" />
					<Add option="-Wl,-Bdynamic" />
					<Add option="-lMinGW32" />
					<Add option="-lSDL2main" />
					<Add option="-lSDL2" />
					<Add option="-lSDL2_ttf" />
					<Add option="-lopenal32" />
					<Add option="-lvorbisfile" />
					<Add option="-lopengl32" />
					<Add option="-lglew32" />
					<Add option="-lglu32" />
					<Add option="-lws2_32" />
				</Linker>
			</Target>
			<Target title="Debug Unix opengl1">
				<Option output="../game/bear" prefix_auto="1" extension_auto="1" />
				<Option working_dir="../game/" />
				<Option object_output="../obj/Unix/" />
				<Option type="1" />
				<Option compiler="gcc" />
				<Compiler>
					<Add option="-O2" />
					<Add option="-std=c++0x" />
					<Add option="-pg" />
					<Add option="-g" />
					<Add option="-DCRASH_HANDLER" />
					<Add option="-DRENDER_OPENGL" />
				</Compiler>
				<Linker>
					<Add option="-pg -lgmon" />
					<Add option="-pg" />
					<Add option="-ldl" />
					<Add option="-lSDL2main" />
					<Add option="-lSDL2" />
					<Add option="-lSDL2_ttf" />
					<Add option="-lopenal" />
					<Add option="-lvorbisfile" />
					<Add option="-lGLEW" />
					<Add option="-lGL" />
					<Add option="-pthread" />
				</Linker>
			</Target>
			<Target title="Debug windows opengl1">
				<Option output="../game/bear" prefix_auto="1" extension_auto="1" />
				<Option working_dir="../game/" />
				<Option object_output="../obj/Release/" />
				<Option type="1" />
				<Option compiler="gcc" />
				<Option use_console_runner="0" />
				<Compiler>
					<Add option="-std=c++0x" />
					<Add option="-pg" />
					<Add option="-g" />
					<Add option="-DIGNORESTEAM" />
					<Add option="-DRENDER_OPENGL" />
				</Compiler>
				<Linker>
					<Add option="-pg -lgmon" />
					<Add option="-Wl,-Bstatic" />
					<Add option="-lenet" />
					<Add option="-pthread" />
					<Add option="-Wl,-Bdynamic" />
					<Add option="-lMinGW32" />
					<Add option="-lSDL2main" />
					<Add option="-lSDL2" />
					<Add option="-lSDL2_ttf" />
					<Add option="-lopenal32" />
					<Add option="-lvorbisfile" />
					<Add option="-lopengl32" />
					<Add option="-lglew32" />
					<Add option="-lglu32" />
					<Add option="-lws2_32" />
				</Linker>
			</Target>
			<Target title="Debug Unix opengl3">
				<Option output="../game/bear" prefix_auto="1" extension_auto="1" />
				<Option working_dir="../game/" />
				<Option object_output="../obj/Unix/" />
				<Option type="1" />
				<Option compiler="gcc" />
				<Compiler>
					<Add option="-O2" />
					<Add option="-std=c++0x" />
					<Add option="-pg" />
					<Add option="-g" />
					<Add option="-DCRASH_HANDLER" />
					<Add option="-DRENDER_OPENGL3" />
				</Compiler>
				<Linker>
					<Add option="-pg -lgmon" />
					<Add option="-pg" />
					<Add option="-ldl" />
					<Add option="-lSDL2main" />
					<Add option="-lSDL2" />
					<Add option="-lSDL2_ttf" />
					<Add option="-lopenal" />
					<Add option="-lvorbisfile" />
					<Add option="-lGLEW" />
					<Add option="-lGL" />
					<Add option="-pthread" />
				</Linker>
			</Target>
			<Target title="Debug windows opengl2">
				<Option output="../game/bear" prefix_auto="1" extension_auto="1" />
				<Option working_dir="../game/" />
				<Option object_output="../obj/Release/" />
				<Option type="1" />
				<Option compiler="gcc" />
				<Option use_console_runner="0" />
				<Compiler>
					<Add option="-std=c++0x" />
					<Add option="-pg" />
					<Add option="-g" />
					<Add option="-DRENDER_OPENGL2" />
				</Compiler>
				<Linker>
					<Add option="-pg -lgmon" />
					<Add option="-Wl,-Bstatic" />
					<Add option="-lenet" />
					<Add option="-pthread" />
					<Add option="-Wl,-Bdynamic" />
					<Add option="-lMinGW32" />
					<Add option="-lSDL2main" />
					<Add option="-lSDL2" />
					<Add option="-lSDL2_ttf" />
					<Add option="-lopenal32" />
					<Add option="-lvorbisfile" />
					<Add option="-lopengl32" />
					<Add option="-lglew32" />
					<Add option="-lglu32" />
					<Add option="-lws2_32" />
				</Linker>
			</Target>
			<Target title="Release windows opengl2">
				<Option output="../game/bear" prefix_auto="1" extension_auto="1" />
				<Option working_dir="../game/" />
				<Option object_output="../obj/Release/" />
				<Option type="1" />
				<Option compiler="gcc" />
				<Option use_console_runner="0" />
				<Compiler>
					<Add option="-O3" />
					<Add option="-std=c++0x" />
					<Add option="-DRENDER_OPENGL2" />
				</Compiler>
				<Linker>
					<Add option="-O3" />
					<Add option="-Wl,-Bstatic" />
					<Add option="-lenet" />
					<Add option="-pthread" />
					<Add option="-Wl,-Bdynamic" />
					<Add option="-lMinGW32" />
					<Add option="-lSDL2main" />
					<Add option="-lSDL2" />
					<Add option="-lSDL2_ttf" />
					<Add option="-lopenal32" />
					<Add option="-lvorbisfile" />
					<Add option="-lopengl32" />
					<Add option="-lglew32" />
					<Add option="-lglu32" />
					<Add option="-lws2_32" />
				</Linker>
			</Target>
			<Target title="Release windows opengl3">
				<Option output="../game/bear" prefix_auto="1" extension_auto="1" />
				<Option working_dir="../game/" />
				<Option object_output="../obj/Release/" />
				<Option type="1" />
				<Option compiler="gcc" />
				<Option use_console_runner="0" />
				<Compiler>
					<Add option="-O3" />
					<Add option="-Wshadow" />
					<Add option="-Wcast-align" />
					<Add option="-Wall" />
					<Add option="-std=c++0x" />
					<Add option="-DIGNORESTEAM" />
					<Add option="-DGLEW_STATIC" />
					<Add option="-DRENDER_OPENGL3" />
				</Compiler>
				<Linker>
					<Add option="-Wl,-Bstatic" />
					<Add option="-lenet" />
					<Add option="-pthread" />
					<Add option="-Wl,-Bdynamic" />
					<Add option="-lMinGW32" />
					<Add option="-lSDL2main" />
					<Add option="-lSDL2" />
					<Add option="-lSDL2_ttf" />
					<Add option="-lopenal32" />
					<Add option="-lvorbisfile" />
					<Add option="-lopengl32" />
					<Add option="-lglew32" />
					<Add option="-lglu32" />
					<Add option="-lws2_32" />
				</Linker>
			</Target>
		</Build>
		<Compiler>
			<Add option="-Wall" />
		</Compiler>
		<Unit filename="crashhandler/crashhandler.hpp" />
		<Unit filename="crashhandler/crashhandlerlinux.cpp" />
		<Unit filename="crashhandler/crashhandlerwin32.cpp" />
		<Unit filename="engine/assetmanager.cpp" />
		<Unit filename="engine/assetmanager.hpp" />
		<Unit filename="engine/basetypes.cpp" />
		<Unit filename="engine/basetypes.hpp" />
		<Unit filename="engine/bear.cpp" />
		<Unit filename="engine/bear.hpp" />
		<Unit filename="engine/behavior.hpp" />
		<Unit filename="engine/camera.cpp" />
		<Unit filename="engine/camera.hpp" />
		<Unit filename="engine/collision.cpp" />
		<Unit filename="engine/collision.hpp" />
		<Unit filename="engine/defaultbehavior.cpp" />
		<Unit filename="engine/defaultbehavior.hpp" />
		<Unit filename="engine/defaultshaders.cpp" />
		<Unit filename="engine/gamebase.cpp" />
		<Unit filename="engine/gamebase.hpp" />
		<Unit filename="engine/genericstate.cpp" />
		<Unit filename="engine/genericstate.hpp" />
		<Unit filename="engine/libheader.hpp" />
		<Unit filename="engine/light.cpp" />
		<Unit filename="engine/light.hpp" />
		<Unit filename="engine/object.hpp" />
		<Unit filename="engine/painters/common.cpp" />
		<Unit filename="engine/painters/painteropengl1.cpp" />
		<Unit filename="engine/painters/painteropengl2.cpp" />
		<Unit filename="engine/painters/painteropengl3.cpp" />
		<Unit filename="engine/painters/painteropengles2.cpp" />
		<Unit filename="engine/painters/painters.hpp" />
		<Unit filename="engine/pathfind.cpp" />
		<Unit filename="engine/pathfind.hpp" />
		<Unit filename="engine/pstileset.cpp" />
		<Unit filename="engine/pstileset.hpp" />
		<Unit filename="engine/renderhelp.cpp" />
		<Unit filename="engine/renderhelp.hpp" />
		<Unit filename="engine/rendertexture.cpp" />
		<Unit filename="engine/rendertexture.hpp" />
		<Unit filename="engine/screenmanager.cpp" />
		<Unit filename="engine/screenmanager.hpp" />
		<Unit filename="engine/shadermanager.cpp" />
		<Unit filename="engine/shadermanager.hpp" />
		<Unit filename="engine/sprite.cpp" />
		<Unit filename="engine/sprite.hpp" />
		<Unit filename="engine/spriteeffect.cpp" />
		<Unit filename="engine/spriteeffect.hpp" />
		<Unit filename="engine/spriteeffectcreator.cpp" />
		<Unit filename="engine/spriteeffectcreator.hpp" />
		<Unit filename="engine/targettexture.cpp" />
		<Unit filename="engine/targettexture.hpp" />
		<Unit filename="engine/text.cpp" />
		<Unit filename="engine/text.hpp" />
		<Unit filename="engine/tiles/buffertilemap.cpp" />
		<Unit filename="engine/tiles/buffertilemap.hpp" />
		<Unit filename="engine/tiles/nodetileset.hpp" />
		<Unit filename="engine/tiles/targettexturetilemap.cpp" />
		<Unit filename="engine/tiles/targettexturetilemap.hpp" />
		<Unit filename="engine/tiles/tilemap.cpp" />
		<Unit filename="engine/tiles/tilemap.hpp" />
		<Unit filename="engine/tiles/tileset.cpp" />
		<Unit filename="engine/tiles/tileset.hpp" />
		<Unit filename="engine/timer.cpp" />
		<Unit filename="engine/timer.hpp" />
		<Unit filename="framework/basepool.hpp" />
		<Unit filename="framework/chainptr.cpp" />
		<Unit filename="framework/chainptr.hpp" />
		<Unit filename="framework/debughelper.cpp" />
		<Unit filename="framework/debughelper.hpp" />
		<Unit filename="framework/dirmanager.cpp" />
		<Unit filename="framework/dirmanager.hpp" />
		<Unit filename="framework/gamefile.cpp" />
		<Unit filename="framework/gamefile.hpp" />
		<Unit filename="framework/geometry.cpp" />
		<Unit filename="framework/geometry.hpp" />
		<Unit filename="framework/poolmanager.cpp" />
		<Unit filename="framework/poolmanager.hpp" />
		<Unit filename="framework/resourcefiles.cpp" />
		<Unit filename="framework/resourcefiles.hpp" />
		<Unit filename="framework/resourcemanager.cpp" />
		<Unit filename="framework/resourcemanager.hpp" />
		<Unit filename="framework/schedule.cpp" />
		<Unit filename="framework/schedule.hpp" />
		<Unit filename="framework/segment/node.hpp" />
		<Unit filename="framework/segment/segmenter.hpp" />
		<Unit filename="framework/threadpool.cpp" />
		<Unit filename="framework/threadpool.hpp" />
		<Unit filename="framework/typechecker.cpp" />
		<Unit filename="framework/typechecker.hpp" />
		<Unit filename="framework/userfile.cpp" />
		<Unit filename="framework/userfile.hpp" />
		<Unit filename="framework/utils.cpp" />
		<Unit filename="framework/utils.hpp" />
		<Unit filename="framework/vertex.cpp" />
		<Unit filename="framework/vertex.hpp" />
		<Unit filename="framework/xml.cpp" />
		<Unit filename="framework/xml.hpp" />
		<Unit filename="game/gamebehavior.cpp" />
		<Unit filename="game/gamebehavior.hpp" />
		<Unit filename="game/state.hpp" />
		<Unit filename="game/title.cpp" />
		<Unit filename="game/title.hpp" />
		<Unit filename="input/accelerometer.cpp" />
		<Unit filename="input/accelerometer.hpp" />
		<Unit filename="input/beinput.cpp" />
		<Unit filename="input/beinput.hpp" />
		<Unit filename="input/inputdefinitions.hpp" />
		<Unit filename="input/inputmanager.cpp" />
		<Unit filename="input/inputmanager.hpp" />
		<Unit filename="input/joystick.cpp" />
		<Unit filename="input/joystick.hpp" />
		<Unit filename="input/keyboard.cpp" />
		<Unit filename="input/keyboard.hpp" />
		<Unit filename="input/mouse.cpp" />
		<Unit filename="input/mouse.hpp" />
		<Unit filename="input/touch.cpp" />
		<Unit filename="input/touch.hpp" />
		<Unit filename="input/touchkeys.cpp" />
		<Unit filename="input/touchkeys.hpp" />
		<Unit filename="luasystem/lua.hpp" />
		<Unit filename="luasystem/lua/lapi.c">
			<Option compilerVar="CC" />
		</Unit>
		<Unit filename="luasystem/lua/lapi.h" />
		<Unit filename="luasystem/lua/lauxlib.c">
			<Option compilerVar="CC" />
		</Unit>
		<Unit filename="luasystem/lua/lauxlib.h" />
		<Unit filename="luasystem/lua/lbaselib.c">
			<Option compilerVar="CC" />
		</Unit>
		<Unit filename="luasystem/lua/lbitlib.c">
			<Option compilerVar="CC" />
		</Unit>
		<Unit filename="luasystem/lua/lcode.c">
			<Option compilerVar="CC" />
		</Unit>
		<Unit filename="luasystem/lua/lcode.h" />
		<Unit filename="luasystem/lua/lcorolib.c">
			<Option compilerVar="CC" />
		</Unit>
		<Unit filename="luasystem/lua/lctype.c">
			<Option compilerVar="CC" />
		</Unit>
		<Unit filename="luasystem/lua/lctype.h" />
		<Unit filename="luasystem/lua/ldblib.c">
			<Option compilerVar="CC" />
		</Unit>
		<Unit filename="luasystem/lua/ldebug.c">
			<Option compilerVar="CC" />
		</Unit>
		<Unit filename="luasystem/lua/ldebug.h" />
		<Unit filename="luasystem/lua/ldo.c">
			<Option compilerVar="CC" />
		</Unit>
		<Unit filename="luasystem/lua/ldo.h" />
		<Unit filename="luasystem/lua/ldump.c">
			<Option compilerVar="CC" />
		</Unit>
		<Unit filename="luasystem/lua/lfunc.c">
			<Option compilerVar="CC" />
		</Unit>
		<Unit filename="luasystem/lua/lfunc.h" />
		<Unit filename="luasystem/lua/lgc.c">
			<Option compilerVar="CC" />
		</Unit>
		<Unit filename="luasystem/lua/lgc.h" />
		<Unit filename="luasystem/lua/linit.c">
			<Option compilerVar="CC" />
		</Unit>
		<Unit filename="luasystem/lua/liolib.c">
			<Option compilerVar="CC" />
		</Unit>
		<Unit filename="luasystem/lua/llex.c">
			<Option compilerVar="CC" />
		</Unit>
		<Unit filename="luasystem/lua/llex.h" />
		<Unit filename="luasystem/lua/llimits.h" />
		<Unit filename="luasystem/lua/lmathlib.c">
			<Option compilerVar="CC" />
		</Unit>
		<Unit filename="luasystem/lua/lmem.c">
			<Option compilerVar="CC" />
		</Unit>
		<Unit filename="luasystem/lua/lmem.h" />
		<Unit filename="luasystem/lua/loadlib.c">
			<Option compilerVar="CC" />
		</Unit>
		<Unit filename="luasystem/lua/lobject.c">
			<Option compilerVar="CC" />
		</Unit>
		<Unit filename="luasystem/lua/lobject.h" />
		<Unit filename="luasystem/lua/lopcodes.c">
			<Option compilerVar="CC" />
		</Unit>
		<Unit filename="luasystem/lua/lopcodes.h" />
		<Unit filename="luasystem/lua/loslib.c">
			<Option compilerVar="CC" />
		</Unit>
		<Unit filename="luasystem/lua/lparser.c">
			<Option compilerVar="CC" />
		</Unit>
		<Unit filename="luasystem/lua/lparser.h" />
		<Unit filename="luasystem/lua/lstate.c">
			<Option compilerVar="CC" />
		</Unit>
		<Unit filename="luasystem/lua/lstate.h" />
		<Unit filename="luasystem/lua/lstring.c">
			<Option compilerVar="CC" />
		</Unit>
		<Unit filename="luasystem/lua/lstring.h" />
		<Unit filename="luasystem/lua/lstrlib.c">
			<Option compilerVar="CC" />
		</Unit>
		<Unit filename="luasystem/lua/ltable.c">
			<Option compilerVar="CC" />
		</Unit>
		<Unit filename="luasystem/lua/ltable.h" />
		<Unit filename="luasystem/lua/ltablib.c">
			<Option compilerVar="CC" />
		</Unit>
		<Unit filename="luasystem/lua/ltm.c">
			<Option compilerVar="CC" />
		</Unit>
		<Unit filename="luasystem/lua/ltm.h" />
		<Unit filename="luasystem/lua/lua.h" />
		<Unit filename="luasystem/lua/lua.hpp" />
		<Unit filename="luasystem/lua/luaconf.h" />
		<Unit filename="luasystem/lua/lualib.h" />
		<Unit filename="luasystem/lua/lundump.c">
			<Option compilerVar="CC" />
		</Unit>
		<Unit filename="luasystem/lua/lundump.h" />
		<Unit filename="luasystem/lua/lvm.c">
			<Option compilerVar="CC" />
		</Unit>
		<Unit filename="luasystem/lua/lvm.h" />
		<Unit filename="luasystem/lua/lzio.c">
			<Option compilerVar="CC" />
		</Unit>
		<Unit filename="luasystem/lua/lzio.h" />
		<Unit filename="luasystem/luacaller.cpp" />
		<Unit filename="luasystem/luacaller.hpp" />
		<Unit filename="luasystem/luagamestate.cpp" />
		<Unit filename="luasystem/luagamestate.hpp" />
		<Unit filename="luasystem/luainterface.cpp" />
		<Unit filename="luasystem/luainterface.hpp" />
		<Unit filename="luasystem/luamethodregister.cpp" />
		<Unit filename="luasystem/luamethodregisterassets.cpp" />
		<Unit filename="luasystem/luamethodregisterengine.cpp" />
		<Unit filename="luasystem/luaobject.cpp" />
		<Unit filename="luasystem/luaobject.hpp" />
		<Unit filename="luasystem/luatools.cpp" />
		<Unit filename="luasystem/luatools.hpp" />
		<Unit filename="luasystem/luatypewrapper.hpp" />
		<Unit filename="luasystem/luaui.cpp" />
		<Unit filename="luasystem/luaui.hpp" />
		<Unit filename="main.cpp" />
		<Unit filename="mobile/android/jnihelper.hpp" />
		<Unit filename="performance/console.cpp" />
		<Unit filename="performance/console.hpp" />
		<Unit filename="performance/graph.cpp" />
		<Unit filename="performance/graph.hpp" />
		<Unit filename="performance/linegrap.cpp" />
		<Unit filename="performance/linegrap.hpp" />
		<Unit filename="resource.rc">
			<Option compilerVar="WINDRES" />
		</Unit>
		<Unit filename="settings/configmanager.cpp" />
		<Unit filename="settings/configmanager.hpp" />
		<Unit filename="settings/definitions.hpp" />
		<Unit filename="settings/settings.hpp" />
		<Unit filename="socket/reliableudp.cpp" />
		<Unit filename="socket/reliableudp.hpp" />
		<Unit filename="socket/socket.cpp" />
		<Unit filename="socket/socket.hpp" />
		<Unit filename="socket/socketdef.cpp" />
		<Unit filename="socket/socketdef.hpp" />
		<Unit filename="socket/tcp.cpp" />
		<Unit filename="socket/tcp.hpp" />
		<Unit filename="sound/sound.cpp" />
		<Unit filename="sound/sound.hpp" />
		<Unit filename="sound/sounddef.cpp" />
		<Unit filename="sound/sounddef.hpp" />
		<Unit filename="sound/soundloader.cpp" />
		<Unit filename="sound/soundloader.hpp" />
		<Unit filename="sound/soundsources.cpp" />
		<Unit filename="sound/soundsources.hpp" />
		<Unit filename="tests/testblank.hpp" />
		<Unit filename="tests/testfasttile.hpp" />
		<Unit filename="tests/testfiles.hpp" />
		<Unit filename="tests/testjoystick.hpp" />
		<Unit filename="tests/testlight.hpp" />
		<Unit filename="tests/testlua.hpp" />
		<Unit filename="tests/testnode.hpp" />
		<Unit filename="tests/testnodetileset.hpp" />
		<Unit filename="tests/testobject.hpp" />
		<Unit filename="tests/testpathfind.hpp" />
		<Unit filename="tests/testpointtileset.hpp" />
		<Unit filename="tests/testpool.hpp" />
		<Unit filename="tests/testpostprocess.hpp" />
		<Unit filename="tests/testrectrenderspeed.hpp" />
		<Unit filename="tests/testrenderspeed.hpp" />
		<Unit filename="tests/testscrolling.hpp" />
		<Unit filename="tests/testshader.hpp" />
		<Unit filename="tests/testshapes.hpp" />
		<Unit filename="tests/testsocket.hpp" />
		<Unit filename="tests/testsound.hpp" />
		<Unit filename="tests/testsprite.hpp" />
		<Unit filename="tests/testsuite.hpp" />
		<Unit filename="tests/testtargettexture.hpp" />
		<Unit filename="tests/testtext.hpp" />
		<Unit filename="tests/testthread.cpp" />
		<Unit filename="tests/testthread.hpp" />
		<Unit filename="ui/base.cpp" />
		<Unit filename="ui/base.hpp" />
		<Unit filename="ui/button.cpp" />
		<Unit filename="ui/button.hpp" />
		<Unit filename="ui/checkbox.cpp" />
		<Unit filename="ui/checkbox.hpp" />
		<Unit filename="ui/gettextwindow.cpp" />
		<Unit filename="ui/gettextwindow.hpp" />
		<Unit filename="ui/label.cpp" />
		<Unit filename="ui/label.hpp" />
		<Unit filename="ui/numberinput.cpp" />
		<Unit filename="ui/numberinput.hpp" />
		<Unit filename="ui/textinput.cpp" />
		<Unit filename="ui/textinput.hpp" />
		<Unit filename="ui/window.cpp" />
		<Unit filename="ui/window.hpp" />
		<Extensions>
			<code_completion />
			<envvars />
			<debugger />
		</Extensions>
	</Project>
</CodeBlocks_project_file>
